
Microsoft Visual Studio Solution File, Format Version 12.00
# Visual Studio Version 16
VisualStudioVersion = 16.0.29326.143
MinimumVisualStudioVersion = 10.0.40219.1
Project("{FAE04EC0-301F-11D3-BF4B-00C04F79EFBC}") = "201Proj", "201Proj\201Proj.csproj", "{FC363187-3AA2-4048-AD98-8946EAE5417B}"
EndProject
Global
	GlobalSection(SolutionConfigurationPlatforms) = preSolution
		Debug|Any CPU = Debug|Any CPU
		Release|Any CPU = Release|Any CPU
	EndGlobalSection
	GlobalSection(ProjectConfigurationPlatforms) = postSolution
		{FC363187-3AA2-4048-AD98-8946EAE5417B}.Debug|Any CPU.ActiveCfg = Debug|Any CPU
		{FC363187-3AA2-4048-AD98-8946EAE5417B}.Debug|Any CPU.Build.0 = Debug|Any CPU
		{FC363187-3AA2-4048-AD98-8946EAE5417B}.Release|Any CPU.ActiveCfg = Release|Any CPU
		{FC363187-3AA2-4048-AD98-8946EAE5417B}.Release|Any CPU.Build.0 = Release|Any CPU
	EndGlobalSection
	GlobalSection(SolutionProperties) = preSolution
		HideSolutionNode = FALSE
	EndGlobalSection
	GlobalSection(ExtensibilityGlobals) = postSolution
		SolutionGuid = {04F1F34D-706F-4ED0-9495-80871BCBF39D}
	EndGlobalSection
EndGlobal
